
Microsoft Visual Studio Solution File, Format Version 12.00
# Visual Studio Version 16
VisualStudioVersion = 16.0.31605.320
MinimumVisualStudioVersion = 10.0.40219.1
Project("{FAE04EC0-301F-11D3-BF4B-00C04F79EFBC}") = "NCReactPortfolioTextParseService", "NCReactPortfolioTextParseService.csproj", "{6FD4EF46-633A-4236-9ADF-828733EFEBAB}"
EndProject
Global
	GlobalSection(SolutionConfigurationPlatforms) = preSolution
		Debug|Any CPU = Debug|Any CPU
		Release|Any CPU = Release|Any CPU
	EndGlobalSection
	GlobalSection(ProjectConfigurationPlatforms) = postSolution
		{6FD4EF46-633A-4236-9ADF-828733EFEBAB}.Debug|Any CPU.ActiveCfg = Debug|Any CPU
		{6FD4EF46-633A-4236-9ADF-828733EFEBAB}.Debug|Any CPU.Build.0 = Debug|Any CPU
		{6FD4EF46-633A-4236-9ADF-828733EFEBAB}.Release|Any CPU.ActiveCfg = Release|Any CPU
		{6FD4EF46-633A-4236-9ADF-828733EFEBAB}.Release|Any CPU.Build.0 = Release|Any CPU
	EndGlobalSection
	GlobalSection(SolutionProperties) = preSolution
		HideSolutionNode = FALSE
	EndGlobalSection
	GlobalSection(ExtensibilityGlobals) = postSolution
		SolutionGuid = {8A63DD38-9291-42E4-83D7-D3CC2B31E7EF}
	EndGlobalSection
EndGlobal
